
Microsoft Visual Studio Solution File, Format Version 12.00
# Visual Studio Version 16
VisualStudioVersion = 16.0.31424.327
MinimumVisualStudioVersion = 10.0.40219.1
Project("{FAE04EC0-301F-11D3-BF4B-00C04F79EFBC}") = "Senai_CZBooks", "Senai_CZBooks\Senai_CZBooks.csproj", "{001E8AB1-9FB8-42FF-8D9F-5B1E15B29770}"
EndProject
Global
	GlobalSection(SolutionConfigurationPlatforms) = preSolution
		Debug|Any CPU = Debug|Any CPU
		Release|Any CPU = Release|Any CPU
	EndGlobalSection
	GlobalSection(ProjectConfigurationPlatforms) = postSolution
		{001E8AB1-9FB8-42FF-8D9F-5B1E15B29770}.Debug|Any CPU.ActiveCfg = Debug|Any CPU
		{001E8AB1-9FB8-42FF-8D9F-5B1E15B29770}.Debug|Any CPU.Build.0 = Debug|Any CPU
		{001E8AB1-9FB8-42FF-8D9F-5B1E15B29770}.Release|Any CPU.ActiveCfg = Release|Any CPU
		{001E8AB1-9FB8-42FF-8D9F-5B1E15B29770}.Release|Any CPU.Build.0 = Release|Any CPU
	EndGlobalSection
	GlobalSection(SolutionProperties) = preSolution
		HideSolutionNode = FALSE
	EndGlobalSection
	GlobalSection(ExtensibilityGlobals) = postSolution
		SolutionGuid = {5CD0177E-7D7E-4924-A1FD-D97F61A1ACE2}
	EndGlobalSection
EndGlobal
